{
    "_meta": {
        "hash": {
            "sha256": "a5b6318444af05605d42587d2fa2fc31dc2499d028a4461078abe9394126fc34"
        },
        "pipfile-spec": 6,
        "requires": {
            "python_version": "3.11"
        },
        "sources": [
            {
                "name": "pypi",
                "url": "https://pypi.org/simple",
                "verify_ssl": true
            }
        ]
    },
    "default": {
        "asgiref": {
            "hashes": [
                "sha256:3e1e3ecc849832fe52ccf2cb6686b7a55f82bb1d6aee72a58826471390335e47",
                "sha256:c343bd80a0bec947a9860adb4c432ffa7db769836c64238fc34bdc3fec84d590"
            ],
            "markers": "python_version >= '3.8'",
            "version": "==3.8.1"
        },
        "aurora-dsql-django": {
            "hashes": [
                "sha256:343beaa0f4dbdfacaf9b23b81ab641eb7a032419411fe19450f5e8e7265439fa",
                "sha256:b70811985a40f41edd92eaadd5a328446e77c2b2486f059615ed66c930ee8a2e"
            ],
            "index": "pypi",
            "version": "==0.1.0"
        },
        "boto3": {
            "hashes": [
                "sha256:b0874233057995a8f0c813f5b45a36c09630e74c43d7a7c64db2feef2915d493",
                "sha256:dc56caaaab2157a4bfc109c88b50cd032f3ac66c06d17f8ee335b798eaf53e5c"
            ],
            "markers": "python_version >= '3.8'",
            "version": "==1.35.90"
        },
        "botocore": {
            "hashes": [
                "sha256:51dcbe1b32e2ac43dac17091f401a00ce5939f76afe999081802009cce1e92e4",
                "sha256:f007f58e8e3c1ad0412a6ddfae40ed92a7bca571c068cb959902bcf107f2ae48"
            ],
            "markers": "python_version >= '3.8'",
            "version": "==1.35.90"
        },
        "django": {
            "hashes": [
                "sha256:59304646ebc6a77b9b6a59adc67d51ecb03c5e3d63ed1f14c909cdfda84e8010",
                "sha256:d5a8a14da819a8b9237ee4d8c78dfe056ff6e8a7511987be627192225113ee75"
            ],
            "index": "pypi",
            "markers": "python_version >= '3.8'",
            "version": "==4.0"
        },
        "django-admin-cli": {
            "hashes": [
                "sha256:2440956f9b4456128a54289320ee79c00a7c44608f7784c1d23c263148e233a3"
            ],
            "index": "pypi",
            "version": "==0.1.1"
        },
        "djangorestframework": {
            "hashes": [
                "sha256:3ccc0475bce968608cf30d07fb17d8e52d1d7fc8bfe779c905463200750cbca6",
                "sha256:f88fad74183dfc7144b2756d0d2ac716ea5b4c7c9840995ac3bfd8ec034333c1"
            ],
            "index": "pypi",
            "markers": "python_version >= '3.6'",
            "version": "==3.15.1"
        },
        "jmespath": {
            "hashes": [
                "sha256:02e2e4cc71b5bcab88332eebf907519190dd9e6e82107fa7f83b1003a6252980",
                "sha256:90261b206d6defd58fdd5e85f478bf633a2901798906be2ad389150c5c60edbe"
            ],
            "markers": "python_version >= '3.7'",
            "version": "==1.0.1"
        },
        "psycopg2": {
            "hashes": [
                "sha256:121081ea2e76729acfb0673ff33755e8703d45e926e416cb59bae3a86c6a4981",
                "sha256:38a8dcc6856f569068b47de286b472b7c473ac7977243593a288ebce0dc89516",
                "sha256:426f9f29bde126913a20a96ff8ce7d73fd8a216cfb323b1f04da402d452853c3",
                "sha256:5e0d98cade4f0e0304d7d6f25bbfbc5bd186e07b38eac65379309c4ca3193efa",
                "sha256:7e2dacf8b009a1c1e843b5213a87f7c544b2b042476ed7755be813eaf4e8347a",
                "sha256:a7653d00b732afb6fc597e29c50ad28087dcb4fbfb28e86092277a559ae4e693",
                "sha256:ade01303ccf7ae12c356a5e10911c9e1c51136003a9a1d92f7aa9d010fb98372",
                "sha256:bac58c024c9922c23550af2a581998624d6e02350f4ae9c5f0bc642c633a2d5e",
                "sha256:c92811b2d4c9b6ea0285942b2e7cac98a59e166d59c588fe5cfe1eda58e72d59",
                "sha256:d1454bde93fb1e224166811694d600e746430c006fbb031ea06ecc2ea41bf156",
                "sha256:d735786acc7dd25815e89cc4ad529a43af779db2e25aa7c626de864127e5a024",
                "sha256:de80739447af31525feddeb8effd640782cf5998e1a4e9192ebdf829717e3913",
                "sha256:ff432630e510709564c01dafdbe996cb552e0b9f3f065eb89bdce5bd31fabf4c"
            ],
            "index": "pypi",
            "markers": "python_version >= '3.7'",
            "version": "==2.9.9"
        },
        "python-dateutil": {
            "hashes": [
                "sha256:37dd54208da7e1cd875388217d5e00ebd4179249f90fb72437e91a35459a0ad3",
                "sha256:a8b2bc7bffae282281c8140a97d3aa9c14da0b136dfe83f850eea9a5f7470427"
            ],
            "markers": "python_version >= '2.7' and python_version not in '3.0, 3.1, 3.2, 3.3'",
            "version": "==2.9.0.post0"
        },
        "python-dotenv": {
            "hashes": [
                "sha256:aae25dc1ebe97c420f50b81fb0e5c949659af713f31fdb63c749ca68748f34b1",
                "sha256:f521bc2ac9a8e03c736f62911605c5d83970021e3fa95b37d769e2bbbe9b6172"
            ],
            "index": "pypi",
            "markers": "python_version >= '3.5'",
            "version": "==0.19.0"
        },
        "s3transfer": {
            "hashes": [
                "sha256:244a76a24355363a68164241438de1b72f8781664920260c48465896b712a41e",
                "sha256:29edc09801743c21eb5ecbc617a152df41d3c287f67b615f73e5f750583666a7"
            ],
            "markers": "python_version >= '3.8'",
            "version": "==0.10.4"
        },
        "six": {
            "hashes": [
                "sha256:4721f391ed90541fddacab5acf947aa0d3dc7d27b2e1e8eda2be8970586c3274",
                "sha256:ff70335d468e7eb6ec65b95b99d3a2836546063f63acc5171de367e834932a81"
            ],
            "markers": "python_version >= '2.7' and python_version not in '3.0, 3.1, 3.2, 3.3'",
            "version": "==1.17.0"
        },
        "sqlparse": {
            "hashes": [
                "sha256:714d0a4932c059d16189f58ef5411ec2287a4360f17cdd0edd2d09d4c5087c93",
                "sha256:c204494cd97479d0e39f28c93d46c0b2d5959c7b9ab904762ea6c7af211c8663"
            ],
            "index": "pypi",
            "markers": "python_version >= '3.8'",
            "version": "==0.5.0"
        },
        "urllib3": {
            "hashes": [
                "sha256:1cee9ad369867bfdbbb48b7dd50374c0967a0bb7710050facf0dd6911440e3df",
                "sha256:f8c5449b3cf0861679ce7e0503c7b44b5ec981bec0d1d3795a07f1ba96f0204d"
            ],
            "markers": "python_version >= '3.10'",
            "version": "==2.3.0"
        }
    },
    "develop": {}
}
